
Microsoft Visual Studio Solution File, Format Version 12.00
Project("{FAE04EC0-301F-11D3-BF4B-00C04F79EFBC}") = "BackendTestTask.Api", "BackendTestTask.Api\BackendTestTask.Api.csproj", "{5000EFF2-7EA0-4DEE-8DF9-40EBAFC6124C}"
EndProject
Project("{FAE04EC0-301F-11D3-BF4B-00C04F79EFBC}") = "docker-compose", "..\docker-compose.dcproj", "{635BB14B-1E26-4C7E-9369-D11E3775CDAF}"
EndProject
Project("{FAE04EC0-301F-11D3-BF4B-00C04F79EFBC}") = "BackendTestTask.Core", "BackendTestTask.Core\BackendTestTask.Core.csproj", "{FA578E0B-0A6F-42AC-80E3-3CE13EC3BFBE}"
EndProject
Project("{FAE04EC0-301F-11D3-BF4B-00C04F79EFBC}") = "BackendTestTask.Business", "BackendTestTask.Business\BackendTestTask.Business.csproj", "{2B9F9228-9C87-460F-AD98-9157C9948BFB}"
EndProject
Global
	GlobalSection(SolutionConfigurationPlatforms) = preSolution
		Debug|Any CPU = Debug|Any CPU
		Release|Any CPU = Release|Any CPU
	EndGlobalSection
	GlobalSection(ProjectConfigurationPlatforms) = postSolution
		{5000EFF2-7EA0-4DEE-8DF9-40EBAFC6124C}.Debug|Any CPU.ActiveCfg = Debug|Any CPU
		{5000EFF2-7EA0-4DEE-8DF9-40EBAFC6124C}.Debug|Any CPU.Build.0 = Debug|Any CPU
		{5000EFF2-7EA0-4DEE-8DF9-40EBAFC6124C}.Release|Any CPU.ActiveCfg = Release|Any CPU
		{5000EFF2-7EA0-4DEE-8DF9-40EBAFC6124C}.Release|Any CPU.Build.0 = Release|Any CPU
		{635BB14B-1E26-4C7E-9369-D11E3775CDAF}.Debug|Any CPU.ActiveCfg = Debug|Any CPU
		{635BB14B-1E26-4C7E-9369-D11E3775CDAF}.Debug|Any CPU.Build.0 = Debug|Any CPU
		{635BB14B-1E26-4C7E-9369-D11E3775CDAF}.Release|Any CPU.ActiveCfg = Debug|Any CPU
		{635BB14B-1E26-4C7E-9369-D11E3775CDAF}.Release|Any CPU.Build.0 = Debug|Any CPU
		{FA578E0B-0A6F-42AC-80E3-3CE13EC3BFBE}.Debug|Any CPU.ActiveCfg = Debug|Any CPU
		{FA578E0B-0A6F-42AC-80E3-3CE13EC3BFBE}.Debug|Any CPU.Build.0 = Debug|Any CPU
		{FA578E0B-0A6F-42AC-80E3-3CE13EC3BFBE}.Release|Any CPU.ActiveCfg = Release|Any CPU
		{FA578E0B-0A6F-42AC-80E3-3CE13EC3BFBE}.Release|Any CPU.Build.0 = Release|Any CPU
		{2B9F9228-9C87-460F-AD98-9157C9948BFB}.Debug|Any CPU.ActiveCfg = Debug|Any CPU
		{2B9F9228-9C87-460F-AD98-9157C9948BFB}.Debug|Any CPU.Build.0 = Debug|Any CPU
		{2B9F9228-9C87-460F-AD98-9157C9948BFB}.Release|Any CPU.ActiveCfg = Release|Any CPU
		{2B9F9228-9C87-460F-AD98-9157C9948BFB}.Release|Any CPU.Build.0 = Release|Any CPU
	EndGlobalSection
EndGlobal
